
Microsoft Visual Studio Solution File, Format Version 12.00
Project("{2150E333-8FDC-42A3-9474-1A3956D46DE8}") = "src", "src", "{CCDDB053-4428-4E86-BADA-69935B1FA136}"
EndProject
Project("{2150E333-8FDC-42A3-9474-1A3956D46DE8}") = "tests", "tests", "{CD9741FF-8EE9-48B2-B5E1-36DF6CA7F2EF}"
EndProject
Project("{FAE04EC0-301F-11D3-BF4B-00C04F79EFBC}") = "Coroutines", "Coroutines\Coroutines.csproj", "{73804E4E-A620-43D7-B75E-11759FCE1D48}"
EndProject
Project("{FAE04EC0-301F-11D3-BF4B-00C04F79EFBC}") = "Coroutines.UnitTests", "Coroutines.UnitTests\Coroutines.UnitTests.csproj", "{C871DC65-B040-474D-8044-211D85200E8B}"
EndProject
Project("{2150E333-8FDC-42A3-9474-1A3956D46DE8}") = "benchmark", "benchmark", "{5C709FF9-B013-4A0C-9044-ABDBF96038F9}"
EndProject
Project("{FAE04EC0-301F-11D3-BF4B-00C04F79EFBC}") = "Coroutines.Benchmark", "Coroutines.Benchmark\Coroutines.Benchmark.csproj", "{D176A57F-04AA-45ED-9034-71CD198C07E3}"
EndProject
Global
	GlobalSection(SolutionConfigurationPlatforms) = preSolution
		Debug|Any CPU = Debug|Any CPU
		Release|Any CPU = Release|Any CPU
	EndGlobalSection
	GlobalSection(NestedProjects) = preSolution
		{73804E4E-A620-43D7-B75E-11759FCE1D48} = {CCDDB053-4428-4E86-BADA-69935B1FA136}
		{C871DC65-B040-474D-8044-211D85200E8B} = {CD9741FF-8EE9-48B2-B5E1-36DF6CA7F2EF}
		{D176A57F-04AA-45ED-9034-71CD198C07E3} = {5C709FF9-B013-4A0C-9044-ABDBF96038F9}
	EndGlobalSection
	GlobalSection(ProjectConfigurationPlatforms) = postSolution
		{73804E4E-A620-43D7-B75E-11759FCE1D48}.Debug|Any CPU.ActiveCfg = Debug|Any CPU
		{73804E4E-A620-43D7-B75E-11759FCE1D48}.Debug|Any CPU.Build.0 = Debug|Any CPU
		{73804E4E-A620-43D7-B75E-11759FCE1D48}.Release|Any CPU.ActiveCfg = Release|Any CPU
		{73804E4E-A620-43D7-B75E-11759FCE1D48}.Release|Any CPU.Build.0 = Release|Any CPU
		{C871DC65-B040-474D-8044-211D85200E8B}.Debug|Any CPU.ActiveCfg = Debug|Any CPU
		{C871DC65-B040-474D-8044-211D85200E8B}.Debug|Any CPU.Build.0 = Debug|Any CPU
		{C871DC65-B040-474D-8044-211D85200E8B}.Release|Any CPU.ActiveCfg = Release|Any CPU
		{C871DC65-B040-474D-8044-211D85200E8B}.Release|Any CPU.Build.0 = Release|Any CPU
		{D176A57F-04AA-45ED-9034-71CD198C07E3}.Debug|Any CPU.ActiveCfg = Debug|Any CPU
		{D176A57F-04AA-45ED-9034-71CD198C07E3}.Debug|Any CPU.Build.0 = Debug|Any CPU
		{D176A57F-04AA-45ED-9034-71CD198C07E3}.Release|Any CPU.ActiveCfg = Release|Any CPU
		{D176A57F-04AA-45ED-9034-71CD198C07E3}.Release|Any CPU.Build.0 = Release|Any CPU
	EndGlobalSection
EndGlobal
